
Microsoft Visual Studio Solution File, Format Version 12.00
# Visual Studio 14
VisualStudioVersion = 14.0.25420.1
MinimumVisualStudioVersion = 10.0.40219.1
Project("{FAE04EC0-301F-11D3-BF4B-00C04F79EFBC}") = "Calculator", "Calculator\Calculator.csproj", "{A1DFBC8F-7D66-4C4C-B5C3-A4897FDB77C8}"
EndProject
Project("{FAE04EC0-301F-11D3-BF4B-00C04F79EFBC}") = "Calculator.Tests", "Calculator.Tests\Calculator.Tests.csproj", "{7732FCF0-9BC7-4AFC-BD34-5B950BEC4D8A}"
EndProject
Global
	GlobalSection(SolutionConfigurationPlatforms) = preSolution
		Debug|Any CPU = Debug|Any CPU
		Release|Any CPU = Release|Any CPU
	EndGlobalSection
	GlobalSection(ProjectConfigurationPlatforms) = postSolution
		{A1DFBC8F-7D66-4C4C-B5C3-A4897FDB77C8}.Debug|Any CPU.ActiveCfg = Debug|Any CPU
		{A1DFBC8F-7D66-4C4C-B5C3-A4897FDB77C8}.Debug|Any CPU.Build.0 = Debug|Any CPU
		{A1DFBC8F-7D66-4C4C-B5C3-A4897FDB77C8}.Release|Any CPU.ActiveCfg = Release|Any CPU
		{A1DFBC8F-7D66-4C4C-B5C3-A4897FDB77C8}.Release|Any CPU.Build.0 = Release|Any CPU
		{7732FCF0-9BC7-4AFC-BD34-5B950BEC4D8A}.Debug|Any CPU.ActiveCfg = Debug|Any CPU
		{7732FCF0-9BC7-4AFC-BD34-5B950BEC4D8A}.Debug|Any CPU.Build.0 = Debug|Any CPU
		{7732FCF0-9BC7-4AFC-BD34-5B950BEC4D8A}.Release|Any CPU.ActiveCfg = Release|Any CPU
		{7732FCF0-9BC7-4AFC-BD34-5B950BEC4D8A}.Release|Any CPU.Build.0 = Release|Any CPU
	EndGlobalSection
	GlobalSection(SolutionProperties) = preSolution
		HideSolutionNode = FALSE
	EndGlobalSection
EndGlobal
